// !$*UTF8*$!
{
	archiveVersion = 1;
	classes = {
	};
	objectVersion = 55;
	objects = {

/* Begin PBXBuildFile section */
		D01BD9E2288908BF001547AD /* OVMS_Watch_RESTfull WatchKit App.app in Embed Watch Content */ = {isa = PBXBuildFile; fileRef = D01BD9E1288908BF001547AD /* OVMS_Watch_RESTfull WatchKit App.app */; settings = {ATTRIBUTES = (RemoveHeadersOnCopy, ); }; };
		D01BD9E7288908C1001547AD /* Assets.xcassets in Resources */ = {isa = PBXBuildFile; fileRef = D01BD9E6288908C1001547AD /* Assets.xcassets */; };
		D01BD9ED288908C1001547AD /* OVMS_Watch_RESTfull WatchKit Extension.appex in Embed App Extensions */ = {isa = PBXBuildFile; fileRef = D01BD9EC288908C1001547AD /* OVMS_Watch_RESTfull WatchKit Extension.appex */; settings = {ATTRIBUTES = (RemoveHeadersOnCopy, ); }; };
		D01BD9F2288908C1001547AD /* ContentView.swift in Sources */ = {isa = PBXBuildFile; fileRef = D01BD9F1288908C1001547AD /* ContentView.swift */; };
		D01BD9F4288908C1001547AD /* OVMS_Watch_RESTfullApp.swift in Sources */ = {isa = PBXBuildFile; fileRef = D01BD9F3288908C1001547AD /* OVMS_Watch_RESTfullApp.swift */; };
		D01BD9F6288908C1001547AD /* ComplicationController.swift in Sources */ = {isa = PBXBuildFile; fileRef = D01BD9F5288908C1001547AD /* ComplicationController.swift */; };
		D01BD9F8288908C3001547AD /* Assets.xcassets in Resources */ = {isa = PBXBuildFile; fileRef = D01BD9F7288908C3001547AD /* Assets.xcassets */; };
		D01BD9FB288908C3001547AD /* Preview Assets.xcassets in Resources */ = {isa = PBXBuildFile; fileRef = D01BD9FA288908C3001547AD /* Preview Assets.xcassets */; };
		D01BDA0E28890B6F001547AD /* ServerData.swift in Sources */ = {isa = PBXBuildFile; fileRef = D01BDA0D28890B6F001547AD /* ServerData.swift */; };
		D01BDA1028890B9B001547AD /* VehicleData.swift in Sources */ = {isa = PBXBuildFile; fileRef = D01BDA0F28890B9B001547AD /* VehicleData.swift */; };
		D01BDA1228890BBA001547AD /* ChargeData.swift in Sources */ = {isa = PBXBuildFile; fileRef = D01BDA1128890BBA001547AD /* ChargeData.swift */; };
		D01BDA1428890BD2001547AD /* TokenData.swift in Sources */ = {isa = PBXBuildFile; fileRef = D01BDA1328890BD2001547AD /* TokenData.swift */; };
		D01BDA1628890BFA001547AD /* StatusData.swift in Sources */ = {isa = PBXBuildFile; fileRef = D01BDA1528890BFA001547AD /* StatusData.swift */; };
		D01BDA1828890C17001547AD /* LocationData.swift in Sources */ = {isa = PBXBuildFile; fileRef = D01BDA1728890C17001547AD /* LocationData.swift */; };
		D01BDA1A28890C63001547AD /* KeychainService.swift in Sources */ = {isa = PBXBuildFile; fileRef = D01BDA1928890C63001547AD /* KeychainService.swift */; };
		D01BDA1C28890CF8001547AD /* TimeConvert.swift in Sources */ = {isa = PBXBuildFile; fileRef = D01BDA1B28890CF8001547AD /* TimeConvert.swift */; };
		D01BDA1E28890E67001547AD /* ProgressBar.swift in Sources */ = {isa = PBXBuildFile; fileRef = D01BDA1D28890E67001547AD /* ProgressBar.swift */; };
/* End PBXBuildFile section */

/* Begin PBXContainerItemProxy section */
		D01BD9E3288908BF001547AD /* PBXContainerItemProxy */ = {
			isa = PBXContainerItemProxy;
			containerPortal = D01BD9D7288908BF001547AD /* Project object */;
			proxyType = 1;
			remoteGlobalIDString = D01BD9E0288908BF001547AD;
			remoteInfo = "OVMS_Watch_RESTfull WatchKit App";
		};
		D01BD9EE288908C1001547AD /* PBXContainerItemProxy */ = {
			isa = PBXContainerItemProxy;
			containerPortal = D01BD9D7288908BF001547AD /* Project object */;
			proxyType = 1;
			remoteGlobalIDString = D01BD9EB288908C1001547AD;
			remoteInfo = "OVMS_Watch_RESTfull WatchKit Extension";
		};
/* End PBXContainerItemProxy section */

/* Begin PBXCopyFilesBuildPhase section */
		D01BDA02288908C3001547AD /* Embed App Extensions */ = {
			isa = PBXCopyFilesBuildPhase;
			buildActionMask = 2147483647;
			dstPath = "";
			dstSubfolderSpec = 13;
			files = (
				D01BD9ED288908C1001547AD /* OVMS_Watch_RESTfull WatchKit Extension.appex in Embed App Extensions */,
			);
			name = "Embed App Extensions";
			runOnlyForDeploymentPostprocessing = 0;
		};
		D01BDA06288908C3001547AD /* Embed Watch Content */ = {
			isa = PBXCopyFilesBuildPhase;
			buildActionMask = 2147483647;
			dstPath = "$(CONTENTS_FOLDER_PATH)/Watch";
			dstSubfolderSpec = 16;
			files = (
				D01BD9E2288908BF001547AD /* OVMS_Watch_RESTfull WatchKit App.app in Embed Watch Content */,
			);
			name = "Embed Watch Content";
			runOnlyForDeploymentPostprocessing = 0;
		};
/* End PBXCopyFilesBuildPhase section */

/* Begin PBXFileReference section */
		D01BD9DD288908BF001547AD /* OVMS_Watch_RESTfull.app */ = {isa = PBXFileReference; explicitFileType = wrapper.application; includeInIndex = 0; path = OVMS_Watch_RESTfull.app; sourceTree = BUILT_PRODUCTS_DIR; };
		D01BD9E1288908BF001547AD /* OVMS_Watch_RESTfull WatchKit App.app */ = {isa = PBXFileReference; explicitFileType = wrapper.application; includeInIndex = 0; path = "OVMS_Watch_RESTfull WatchKit App.app"; sourceTree = BUILT_PRODUCTS_DIR; };
		D01BD9E6288908C1001547AD /* Assets.xcassets */ = {isa = PBXFileReference; lastKnownFileType = folder.assetcatalog; path = Assets.xcassets; sourceTree = "<group>"; };
		D01BD9EC288908C1001547AD /* OVMS_Watch_RESTfull WatchKit Extension.appex */ = {isa = PBXFileReference; explicitFileType = "wrapper.app-extension"; includeInIndex = 0; path = "OVMS_Watch_RESTfull WatchKit Extension.appex"; sourceTree = BUILT_PRODUCTS_DIR; };
		D01BD9F1288908C1001547AD /* ContentView.swift */ = {isa = PBXFileReference; lastKnownFileType = sourcecode.swift; path = ContentView.swift; sourceTree = "<group>"; };
		D01BD9F3288908C1001547AD /* OVMS_Watch_RESTfullApp.swift */ = {isa = PBXFileReference; lastKnownFileType = sourcecode.swift; path = OVMS_Watch_RESTfullApp.swift; sourceTree = "<group>"; };
		D01BD9F5288908C1001547AD /* ComplicationController.swift */ = {isa = PBXFileReference; lastKnownFileType = sourcecode.swift; path = ComplicationController.swift; sourceTree = "<group>"; };
		D01BD9F7288908C3001547AD /* Assets.xcassets */ = {isa = PBXFileReference; lastKnownFileType = folder.assetcatalog; path = Assets.xcassets; sourceTree = "<group>"; };
		D01BD9FA288908C3001547AD /* Preview Assets.xcassets */ = {isa = PBXFileReference; lastKnownFileType = folder.assetcatalog; path = "Preview Assets.xcassets"; sourceTree = "<group>"; };
		D01BD9FC288908C3001547AD /* Info.plist */ = {isa = PBXFileReference; lastKnownFileType = text.plist.xml; path = Info.plist; sourceTree = "<group>"; };
		D01BDA0D28890B6F001547AD /* ServerData.swift */ = {isa = PBXFileReference; lastKnownFileType = sourcecode.swift; path = ServerData.swift; sourceTree = "<group>"; };
		D01BDA0F28890B9B001547AD /* VehicleData.swift */ = {isa = PBXFileReference; lastKnownFileType = sourcecode.swift; path = VehicleData.swift; sourceTree = "<group>"; };
		D01BDA1128890BBA001547AD /* ChargeData.swift */ = {isa = PBXFileReference; lastKnownFileType = sourcecode.swift; path = ChargeData.swift; sourceTree = "<group>"; };
		D01BDA1328890BD2001547AD /* TokenData.swift */ = {isa = PBXFileReference; lastKnownFileType = sourcecode.swift; path = TokenData.swift; sourceTree = "<group>"; };
		D01BDA1528890BFA001547AD /* StatusData.swift */ = {isa = PBXFileReference; lastKnownFileType = sourcecode.swift; path = StatusData.swift; sourceTree = "<group>"; };
		D01BDA1728890C17001547AD /* LocationData.swift */ = {isa = PBXFileReference; lastKnownFileType = sourcecode.swift; path = LocationData.swift; sourceTree = "<group>"; };
		D01BDA1928890C63001547AD /* KeychainService.swift */ = {isa = PBXFileReference; lastKnownFileType = sourcecode.swift; path = KeychainService.swift; sourceTree = "<group>"; };
		D01BDA1B28890CF8001547AD /* TimeConvert.swift */ = {isa = PBXFileReference; lastKnownFileType = sourcecode.swift; path = TimeConvert.swift; sourceTree = "<group>"; };
		D01BDA1D28890E67001547AD /* ProgressBar.swift */ = {isa = PBXFileReference; lastKnownFileType = sourcecode.swift; path = ProgressBar.swift; sourceTree = "<group>"; };
/* End PBXFileReference section */

/* Begin PBXFrameworksBuildPhase section */
		D01BD9E9288908C1001547AD /* Frameworks */ = {
			isa = PBXFrameworksBuildPhase;
			buildActionMask = 2147483647;
			files = (
			);
			runOnlyForDeploymentPostprocessing = 0;
		};
/* End PBXFrameworksBuildPhase section */

/* Begin PBXGroup section */
		D01BD9D6288908BF001547AD = {
			isa = PBXGroup;
			children = (
				D01BD9E5288908BF001547AD /* OVMS_Watch_RESTfull WatchKit App */,
				D01BD9F0288908C1001547AD /* OVMS_Watch_RESTfull WatchKit Extension */,
				D01BD9DE288908BF001547AD /* Products */,
			);
			sourceTree = "<group>";
		};
		D01BD9DE288908BF001547AD /* Products */ = {
			isa = PBXGroup;
			children = (
				D01BD9DD288908BF001547AD /* OVMS_Watch_RESTfull.app */,
				D01BD9E1288908BF001547AD /* OVMS_Watch_RESTfull WatchKit App.app */,
				D01BD9EC288908C1001547AD /* OVMS_Watch_RESTfull WatchKit Extension.appex */,
			);
			name = Products;
			sourceTree = "<group>";
		};
		D01BD9E5288908BF001547AD /* OVMS_Watch_RESTfull WatchKit App */ = {
			isa = PBXGroup;
			children = (
				D01BD9E6288908C1001547AD /* Assets.xcassets */,
			);
			path = "OVMS_Watch_RESTfull WatchKit App";
			sourceTree = "<group>";
		};
		D01BD9F0288908C1001547AD /* OVMS_Watch_RESTfull WatchKit Extension */ = {
			isa = PBXGroup;
			children = (
				D01BD9F3288908C1001547AD /* OVMS_Watch_RESTfullApp.swift */,
				D01BDA0A28890962001547AD /* Views */,
				D01BDA0B28890B2B001547AD /* Models */,
				D01BDA0C28890B40001547AD /* Helpers */,
				D01BD9F5288908C1001547AD /* ComplicationController.swift */,
				D01BD9F7288908C3001547AD /* Assets.xcassets */,
				D01BD9FC288908C3001547AD /* Info.plist */,
				D01BD9F9288908C3001547AD /* Preview Content */,
			);
			path = "OVMS_Watch_RESTfull WatchKit Extension";
			sourceTree = "<group>";
		};
		D01BD9F9288908C3001547AD /* Preview Content */ = {
			isa = PBXGroup;
			children = (
				D01BD9FA288908C3001547AD /* Preview Assets.xcassets */,
			);
			path = "Preview Content";
			sourceTree = "<group>";
		};
		D01BDA0A28890962001547AD /* Views */ = {
			isa = PBXGroup;
			children = (
				D01BD9F1288908C1001547AD /* ContentView.swift */,
				D01BDA1D28890E67001547AD /* ProgressBar.swift */,
			);
			path = Views;
			sourceTree = "<group>";
		};
		D01BDA0B28890B2B001547AD /* Models */ = {
			isa = PBXGroup;
			children = (
				D01BDA0D28890B6F001547AD /* ServerData.swift */,
				D01BDA0F28890B9B001547AD /* VehicleData.swift */,
				D01BDA1128890BBA001547AD /* ChargeData.swift */,
				D01BDA1328890BD2001547AD /* TokenData.swift */,
				D01BDA1528890BFA001547AD /* StatusData.swift */,
				D01BDA1728890C17001547AD /* LocationData.swift */,
			);
			path = Models;
			sourceTree = "<group>";
		};
		D01BDA0C28890B40001547AD /* Helpers */ = {
			isa = PBXGroup;
			children = (
				D01BDA1928890C63001547AD /* KeychainService.swift */,
				D01BDA1B28890CF8001547AD /* TimeConvert.swift */,
			);
			path = Helpers;
			sourceTree = "<group>";
		};
/* End PBXGroup section */

/* Begin PBXNativeTarget section */
		D01BD9DC288908BF001547AD /* OVMS_Watch_RESTfull */ = {
			isa = PBXNativeTarget;
			buildConfigurationList = D01BDA07288908C3001547AD /* Build configuration list for PBXNativeTarget "OVMS_Watch_RESTfull" */;
			buildPhases = (
				D01BD9DB288908BF001547AD /* Resources */,
				D01BDA06288908C3001547AD /* Embed Watch Content */,
			);
			buildRules = (
			);
			dependencies = (
				D01BD9E4288908BF001547AD /* PBXTargetDependency */,
			);
			name = OVMS_Watch_RESTfull;
			productName = OVMS_Watch_RESTfull;
			productReference = D01BD9DD288908BF001547AD /* OVMS_Watch_RESTfull.app */;
			productType = "com.apple.product-type.application.watchapp2-container";
		};
		D01BD9E0288908BF001547AD /* OVMS_Watch_RESTfull WatchKit App */ = {
			isa = PBXNativeTarget;
			buildConfigurationList = D01BDA03288908C3001547AD /* Build configuration list for PBXNativeTarget "OVMS_Watch_RESTfull WatchKit App" */;
			buildPhases = (
				D01BD9DF288908BF001547AD /* Resources */,
				D01BDA02288908C3001547AD /* Embed App Extensions */,
			);
			buildRules = (
			);
			dependencies = (
				D01BD9EF288908C1001547AD /* PBXTargetDependency */,
			);
			name = "OVMS_Watch_RESTfull WatchKit App";
			productName = "OVMS_Watch_RESTfull WatchKit App";
			productReference = D01BD9E1288908BF001547AD /* OVMS_Watch_RESTfull WatchKit App.app */;
			productType = "com.apple.product-type.application.watchapp2";
		};
		D01BD9EB288908C1001547AD /* OVMS_Watch_RESTfull WatchKit Extension */ = {
			isa = PBXNativeTarget;
			buildConfigurationList = D01BD9FF288908C3001547AD /* Build configuration list for PBXNativeTarget "OVMS_Watch_RESTfull WatchKit Extension" */;
			buildPhases = (
				D01BD9E8288908C1001547AD /* Sources */,
				D01BD9E9288908C1001547AD /* Frameworks */,
				D01BD9EA288908C1001547AD /* Resources */,
			);
			buildRules = (
			);
			dependencies = (
			);
			name = "OVMS_Watch_RESTfull WatchKit Extension";
			productName = "OVMS_Watch_RESTfull WatchKit Extension";
			productReference = D01BD9EC288908C1001547AD /* OVMS_Watch_RESTfull WatchKit Extension.appex */;
			productType = "com.apple.product-type.watchkit2-extension";
		};
/* End PBXNativeTarget section */

/* Begin PBXProject section */
		D01BD9D7288908BF001547AD /* Project object */ = {
			isa = PBXProject;
			attributes = {
				BuildIndependentTargetsInParallel = 1;
				LastSwiftUpdateCheck = 1340;
				LastUpgradeCheck = 1340;
				TargetAttributes = {
					D01BD9DC288908BF001547AD = {
						CreatedOnToolsVersion = 13.4.1;
					};
					D01BD9E0288908BF001547AD = {
						CreatedOnToolsVersion = 13.4.1;
					};
					D01BD9EB288908C1001547AD = {
						CreatedOnToolsVersion = 13.4.1;
					};
				};
			};
			buildConfigurationList = D01BD9DA288908BF001547AD /* Build configuration list for PBXProject "OVMS_Watch_RESTfull" */;
			compatibilityVersion = "Xcode 13.0";
			developmentRegion = en;
			hasScannedForEncodings = 0;
			knownRegions = (
				en,
				Base,
			);
			mainGroup = D01BD9D6288908BF001547AD;
			productRefGroup = D01BD9DE288908BF001547AD /* Products */;
			projectDirPath = "";
			projectRoot = "";
			targets = (
				D01BD9DC288908BF001547AD /* OVMS_Watch_RESTfull */,
				D01BD9E0288908BF001547AD /* OVMS_Watch_RESTfull WatchKit App */,
				D01BD9EB288908C1001547AD /* OVMS_Watch_RESTfull WatchKit Extension */,
			);
		};
/* End PBXProject section */

/* Begin PBXResourcesBuildPhase section */
		D01BD9DB288908BF001547AD /* Resources */ = {
			isa = PBXResourcesBuildPhase;
			buildActionMask = 2147483647;
			files = (
			);
			runOnlyForDeploymentPostprocessing = 0;
		};
		D01BD9DF288908BF001547AD /* Resources */ = {
			isa = PBXResourcesBuildPhase;
			buildActionMask = 2147483647;
			files = (
				D01BD9E7288908C1001547AD /* Assets.xcassets in Resources */,
			);
			runOnlyForDeploymentPostprocessing = 0;
		};
		D01BD9EA288908C1001547AD /* Resources */ = {
			isa = PBXResourcesBuildPhase;
			buildActionMask = 2147483647;
			files = (
				D01BD9FB288908C3001547AD /* Preview Assets.xcassets in Resources */,
				D01BD9F8288908C3001547AD /* Assets.xcassets in Resources */,
			);
			runOnlyForDeploymentPostprocessing = 0;
		};
/* End PBXResourcesBuildPhase section */

/* Begin PBXSourcesBuildPhase section */
		D01BD9E8288908C1001547AD /* Sources */ = {
			isa = PBXSourcesBuildPhase;
			buildActionMask = 2147483647;
			files = (
				D01BDA1828890C17001547AD /* LocationData.swift in Sources */,
				D01BDA0E28890B6F001547AD /* ServerData.swift in Sources */,
				D01BDA1628890BFA001547AD /* StatusData.swift in Sources */,
				D01BDA1A28890C63001547AD /* KeychainService.swift in Sources */,
				D01BD9F2288908C1001547AD /* ContentView.swift in Sources */,
				D01BD9F4288908C1001547AD /* OVMS_Watch_RESTfullApp.swift in Sources */,
				D01BD9F6288908C1001547AD /* ComplicationController.swift in Sources */,
				D01BDA1428890BD2001547AD /* TokenData.swift in Sources */,
				D01BDA1028890B9B001547AD /* VehicleData.swift in Sources */,
				D01BDA1C28890CF8001547AD /* TimeConvert.swift in Sources */,
				D01BDA1E28890E67001547AD /* ProgressBar.swift in Sources */,
				D01BDA1228890BBA001547AD /* ChargeData.swift in Sources */,
			);
			runOnlyForDeploymentPostprocessing = 0;
		};
/* End PBXSourcesBuildPhase section */

/* Begin PBXTargetDependency section */
		D01BD9E4288908BF001547AD /* PBXTargetDependency */ = {
			isa = PBXTargetDependency;
			target = D01BD9E0288908BF001547AD /* OVMS_Watch_RESTfull WatchKit App */;
			targetProxy = D01BD9E3288908BF001547AD /* PBXContainerItemProxy */;
		};
		D01BD9EF288908C1001547AD /* PBXTargetDependency */ = {
			isa = PBXTargetDependency;
			target = D01BD9EB288908C1001547AD /* OVMS_Watch_RESTfull WatchKit Extension */;
			targetProxy = D01BD9EE288908C1001547AD /* PBXContainerItemProxy */;
		};
/* End PBXTargetDependency section */

/* Begin XCBuildConfiguration section */
		D01BD9FD288908C3001547AD /* Debug */ = {
			isa = XCBuildConfiguration;
			buildSettings = {
				ALWAYS_SEARCH_USER_PATHS = NO;
				CLANG_ANALYZER_NONNULL = YES;
				CLANG_ANALYZER_NUMBER_OBJECT_CONVERSION = YES_AGGRESSIVE;
				CLANG_CXX_LANGUAGE_STANDARD = "gnu++17";
				CLANG_ENABLE_MODULES = YES;
				CLANG_ENABLE_OBJC_ARC = YES;
				CLANG_ENABLE_OBJC_WEAK = YES;
				CLANG_WARN_BLOCK_CAPTURE_AUTORELEASING = YES;
				CLANG_WARN_BOOL_CONVERSION = YES;
				CLANG_WARN_COMMA = YES;
				CLANG_WARN_CONSTANT_CONVERSION = YES;
				CLANG_WARN_DEPRECATED_OBJC_IMPLEMENTATIONS = YES;
				CLANG_WARN_DIRECT_OBJC_ISA_USAGE = YES_ERROR;
				CLANG_WARN_DOCUMENTATION_COMMENTS = YES;
				CLANG_WARN_EMPTY_BODY = YES;
				CLANG_WARN_ENUM_CONVERSION = YES;
				CLANG_WARN_INFINITE_RECURSION = YES;
				CLANG_WARN_INT_CONVERSION = YES;
				CLANG_WARN_NON_LITERAL_NULL_CONVERSION = YES;
				CLANG_WARN_OBJC_IMPLICIT_RETAIN_SELF = YES;
				CLANG_WARN_OBJC_LITERAL_CONVERSION = YES;
				CLANG_WARN_OBJC_ROOT_CLASS = YES_ERROR;
				CLANG_WARN_QUOTED_INCLUDE_IN_FRAMEWORK_HEADER = YES;
				CLANG_WARN_RANGE_LOOP_ANALYSIS = YES;
				CLANG_WARN_STRICT_PROTOTYPES = YES;
				CLANG_WARN_SUSPICIOUS_MOVE = YES;
				CLANG_WARN_UNGUARDED_AVAILABILITY = YES_AGGRESSIVE;
				CLANG_WARN_UNREACHABLE_CODE = YES;
				CLANG_WARN__DUPLICATE_METHOD_MATCH = YES;
				COPY_PHASE_STRIP = NO;
				DEBUG_INFORMATION_FORMAT = dwarf;
				ENABLE_STRICT_OBJC_MSGSEND = YES;
				ENABLE_TESTABILITY = YES;
				GCC_C_LANGUAGE_STANDARD = gnu11;
				GCC_DYNAMIC_NO_PIC = NO;
				GCC_NO_COMMON_BLOCKS = YES;
				GCC_OPTIMIZATION_LEVEL = 0;
				GCC_PREPROCESSOR_DEFINITIONS = (
					"DEBUG=1",
					"$(inherited)",
				);
				GCC_WARN_64_TO_32_BIT_CONVERSION = YES;
				GCC_WARN_ABOUT_RETURN_TYPE = YES_ERROR;
				GCC_WARN_UNDECLARED_SELECTOR = YES;
				GCC_WARN_UNINITIALIZED_AUTOS = YES_AGGRESSIVE;
				GCC_WARN_UNUSED_FUNCTION = YES;
				GCC_WARN_UNUSED_VARIABLE = YES;
				MTL_ENABLE_DEBUG_INFO = INCLUDE_SOURCE;
				MTL_FAST_MATH = YES;
				ONLY_ACTIVE_ARCH = YES;
				SDKROOT = iphoneos;
				SWIFT_ACTIVE_COMPILATION_CONDITIONS = DEBUG;
				SWIFT_OPTIMIZATION_LEVEL = "-Onone";
			};
			name = Debug;
		};
		D01BD9FE288908C3001547AD /* Release */ = {
			isa = XCBuildConfiguration;
			buildSettings = {
				ALWAYS_SEARCH_USER_PATHS = NO;
				CLANG_ANALYZER_NONNULL = YES;
				CLANG_ANALYZER_NUMBER_OBJECT_CONVERSION = YES_AGGRESSIVE;
				CLANG_CXX_LANGUAGE_STANDARD = "gnu++17";
				CLANG_ENABLE_MODULES = YES;
				CLANG_ENABLE_OBJC_ARC = YES;
				CLANG_ENABLE_OBJC_WEAK = YES;
				CLANG_WARN_BLOCK_CAPTURE_AUTORELEASING = YES;
				CLANG_WARN_BOOL_CONVERSION = YES;
				CLANG_WARN_COMMA = YES;
				CLANG_WARN_CONSTANT_CONVERSION = YES;
				CLANG_WARN_DEPRECATED_OBJC_IMPLEMENTATIONS = YES;
				CLANG_WARN_DIRECT_OBJC_ISA_USAGE = YES_ERROR;
				CLANG_WARN_DOCUMENTATION_COMMENTS = YES;
				CLANG_WARN_EMPTY_BODY = YES;
				CLANG_WARN_ENUM_CONVERSION = YES;
				CLANG_WARN_INFINITE_RECURSION = YES;
				CLANG_WARN_INT_CONVERSION = YES;
				CLANG_WARN_NON_LITERAL_NULL_CONVERSION = YES;
				CLANG_WARN_OBJC_IMPLICIT_RETAIN_SELF = YES;
				CLANG_WARN_OBJC_LITERAL_CONVERSION = YES;
				CLANG_WARN_OBJC_ROOT_CLASS = YES_ERROR;
				CLANG_WARN_QUOTED_INCLUDE_IN_FRAMEWORK_HEADER = YES;
				CLANG_WARN_RANGE_LOOP_ANALYSIS = YES;
				CLANG_WARN_STRICT_PROTOTYPES = YES;
				CLANG_WARN_SUSPICIOUS_MOVE = YES;
				CLANG_WARN_UNGUARDED_AVAILABILITY = YES_AGGRESSIVE;
				CLANG_WARN_UNREACHABLE_CODE = YES;
				CLANG_WARN__DUPLICATE_METHOD_MATCH = YES;
				COPY_PHASE_STRIP = NO;
				DEBUG_INFORMATION_FORMAT = "dwarf-with-dsym";
				ENABLE_NS_ASSERTIONS = NO;
				ENABLE_STRICT_OBJC_MSGSEND = YES;
				GCC_C_LANGUAGE_STANDARD = gnu11;
				GCC_NO_COMMON_BLOCKS = YES;
				GCC_WARN_64_TO_32_BIT_CONVERSION = YES;
				GCC_WARN_ABOUT_RETURN_TYPE = YES_ERROR;
				GCC_WARN_UNDECLARED_SELECTOR = YES;
				GCC_WARN_UNINITIALIZED_AUTOS = YES_AGGRESSIVE;
				GCC_WARN_UNUSED_FUNCTION = YES;
				GCC_WARN_UNUSED_VARIABLE = YES;
				MTL_ENABLE_DEBUG_INFO = NO;
				MTL_FAST_MATH = YES;
				SDKROOT = iphoneos;
				SWIFT_COMPILATION_MODE = wholemodule;
				SWIFT_OPTIMIZATION_LEVEL = "-O";
				VALIDATE_PRODUCT = YES;
			};
			name = Release;
		};
		D01BDA00288908C3001547AD /* Debug */ = {
			isa = XCBuildConfiguration;
			buildSettings = {
				ASSETCATALOG_COMPILER_COMPLICATION_NAME = Complication;
				CODE_SIGN_STYLE = Automatic;
				CURRENT_PROJECT_VERSION = 1;
				DEVELOPMENT_ASSET_PATHS = "\"OVMS_Watch_RESTfull WatchKit Extension/Preview Content\"";
				DEVELOPMENT_TEAM = KNRM248MZK;
				ENABLE_PREVIEWS = YES;
				GENERATE_INFOPLIST_FILE = YES;
				INFOPLIST_FILE = "OVMS_Watch_RESTfull WatchKit Extension/Info.plist";
				INFOPLIST_KEY_CFBundleDisplayName = "OVMS_Watch_RESTfull WatchKit Extension";
				INFOPLIST_KEY_CLKComplicationPrincipalClass = "$(PRODUCT_MODULE_NAME).ComplicationController";
				INFOPLIST_KEY_NSHumanReadableCopyright = "";
				INFOPLIST_KEY_WKWatchOnly = YES;
				LD_RUNPATH_SEARCH_PATHS = (
					"$(inherited)",
					"@executable_path/Frameworks",
					"@executable_path/../../Frameworks",
				);
				MARKETING_VERSION = 1.0;
				PRODUCT_BUNDLE_IDENTIFIER = "au.com.prhenterprises.OVMS-Watch-RESTfull.watchkitapp.watchkitextension";
				PRODUCT_NAME = "${TARGET_NAME}";
				SDKROOT = watchos;
				SKIP_INSTALL = YES;
				SWIFT_EMIT_LOC_STRINGS = YES;
				SWIFT_VERSION = 5.0;
				TARGETED_DEVICE_FAMILY = 4;
				WATCHOS_DEPLOYMENT_TARGET = 8.5;
			};
			name = Debug;
		};
		D01BDA01288908C3001547AD /* Release */ = {
			isa = XCBuildConfiguration;
			buildSettings = {
				ASSETCATALOG_COMPILER_COMPLICATION_NAME = Complication;
				CODE_SIGN_STYLE = Automatic;
				CURRENT_PROJECT_VERSION = 1;
				DEVELOPMENT_ASSET_PATHS = "\"OVMS_Watch_RESTfull WatchKit Extension/Preview Content\"";
				DEVELOPMENT_TEAM = KNRM248MZK;
				ENABLE_PREVIEWS = YES;
				GENERATE_INFOPLIST_FILE = YES;
				INFOPLIST_FILE = "OVMS_Watch_RESTfull WatchKit Extension/Info.plist";
				INFOPLIST_KEY_CFBundleDisplayName = "OVMS_Watch_RESTfull WatchKit Extension";
				INFOPLIST_KEY_CLKComplicationPrincipalClass = "$(PRODUCT_MODULE_NAME).ComplicationController";
				INFOPLIST_KEY_NSHumanReadableCopyright = "";
				INFOPLIST_KEY_WKWatchOnly = YES;
				LD_RUNPATH_SEARCH_PATHS = (
					"$(inherited)",
					"@executable_path/Frameworks",
					"@executable_path/../../Frameworks",
				);
				MARKETING_VERSION = 1.0;
				PRODUCT_BUNDLE_IDENTIFIER = "au.com.prhenterprises.OVMS-Watch-RESTfull.watchkitapp.watchkitextension";
				PRODUCT_NAME = "${TARGET_NAME}";
				SDKROOT = watchos;
				SKIP_INSTALL = YES;
				SWIFT_EMIT_LOC_STRINGS = YES;
				SWIFT_VERSION = 5.0;
				TARGETED_DEVICE_FAMILY = 4;
				WATCHOS_DEPLOYMENT_TARGET = 8.5;
			};
			name = Release;
		};
		D01BDA04288908C3001547AD /* Debug */ = {
			isa = XCBuildConfiguration;
			buildSettings = {
				ALWAYS_EMBED_SWIFT_STANDARD_LIBRARIES = YES;
				ASSETCATALOG_COMPILER_APPICON_NAME = AppIcon;
				ASSETCATALOG_COMPILER_GLOBAL_ACCENT_COLOR_NAME = AccentColor;
				CODE_SIGN_STYLE = Automatic;
				CURRENT_PROJECT_VERSION = 1;
				DEVELOPMENT_TEAM = KNRM248MZK;
				GENERATE_INFOPLIST_FILE = YES;
				IBSC_MODULE = OVMS_Watch_RESTfull_WatchKit_Extension;
				INFOPLIST_KEY_CFBundleDisplayName = "OVMS_Watch_RESTfull WatchKit App";
				INFOPLIST_KEY_UISupportedInterfaceOrientations = "UIInterfaceOrientationPortrait UIInterfaceOrientationPortraitUpsideDown";
				MARKETING_VERSION = 1.0;
				PRODUCT_BUNDLE_IDENTIFIER = "au.com.prhenterprises.OVMS-Watch-RESTfull.watchkitapp";
				PRODUCT_NAME = "$(TARGET_NAME)";
				SDKROOT = watchos;
				SKIP_INSTALL = YES;
				SWIFT_EMIT_LOC_STRINGS = YES;
				SWIFT_VERSION = 5.0;
				TARGETED_DEVICE_FAMILY = 4;
				WATCHOS_DEPLOYMENT_TARGET = 8.5;
			};
			name = Debug;
		};
		D01BDA05288908C3001547AD /* Release */ = {
			isa = XCBuildConfiguration;
			buildSettings = {
				ALWAYS_EMBED_SWIFT_STANDARD_LIBRARIES = YES;
				ASSETCATALOG_COMPILER_APPICON_NAME = AppIcon;
				ASSETCATALOG_COMPILER_GLOBAL_ACCENT_COLOR_NAME = AccentColor;
				CODE_SIGN_STYLE = Automatic;
				CURRENT_PROJECT_VERSION = 1;
				DEVELOPMENT_TEAM = KNRM248MZK;
				GENERATE_INFOPLIST_FILE = YES;
				IBSC_MODULE = OVMS_Watch_RESTfull_WatchKit_Extension;
				INFOPLIST_KEY_CFBundleDisplayName = "OVMS_Watch_RESTfull WatchKit App";
				INFOPLIST_KEY_UISupportedInterfaceOrientations = "UIInterfaceOrientationPortrait UIInterfaceOrientationPortraitUpsideDown";
				MARKETING_VERSION = 1.0;
				PRODUCT_BUNDLE_IDENTIFIER = "au.com.prhenterprises.OVMS-Watch-RESTfull.watchkitapp";
				PRODUCT_NAME = "$(TARGET_NAME)";
				SDKROOT = watchos;
				SKIP_INSTALL = YES;
				SWIFT_EMIT_LOC_STRINGS = YES;
				SWIFT_VERSION = 5.0;
				TARGETED_DEVICE_FAMILY = 4;
				WATCHOS_DEPLOYMENT_TARGET = 8.5;
			};
			name = Release;
		};
		D01BDA08288908C3001547AD /* Debug */ = {
			isa = XCBuildConfiguration;
			buildSettings = {
				CODE_SIGN_STYLE = Automatic;
				CURRENT_PROJECT_VERSION = 1;
				DEVELOPMENT_TEAM = KNRM248MZK;
				MARKETING_VERSION = 1.0;
				PRODUCT_BUNDLE_IDENTIFIER = "au.com.prhenterprises.OVMS-Watch-RESTfull";
				PRODUCT_NAME = "$(TARGET_NAME)";
				SWIFT_VERSION = 5.0;
			};
			name = Debug;
		};
		D01BDA09288908C3001547AD /* Release */ = {
			isa = XCBuildConfiguration;
			buildSettings = {
				CODE_SIGN_STYLE = Automatic;
				CURRENT_PROJECT_VERSION = 1;
				DEVELOPMENT_TEAM = KNRM248MZK;
				MARKETING_VERSION = 1.0;
				PRODUCT_BUNDLE_IDENTIFIER = "au.com.prhenterprises.OVMS-Watch-RESTfull";
				PRODUCT_NAME = "$(TARGET_NAME)";
				SWIFT_VERSION = 5.0;
			};
			name = Release;
		};
/* End XCBuildConfiguration section */

/* Begin XCConfigurationList section */
		D01BD9DA288908BF001547AD /* Build configuration list for PBXProject "OVMS_Watch_RESTfull" */ = {
			isa = XCConfigurationList;
			buildConfigurations = (
				D01BD9FD288908C3001547AD /* Debug */,
				D01BD9FE288908C3001547AD /* Release */,
			);
			defaultConfigurationIsVisible = 0;
			defaultConfigurationName = Release;
		};
		D01BD9FF288908C3001547AD /* Build configuration list for PBXNativeTarget "OVMS_Watch_RESTfull WatchKit Extension" */ = {
			isa = XCConfigurationList;
			buildConfigurations = (
				D01BDA00288908C3001547AD /* Debug */,
				D01BDA01288908C3001547AD /* Release */,
			);
			defaultConfigurationIsVisible = 0;
			defaultConfigurationName = Release;
		};
		D01BDA03288908C3001547AD /* Build configuration list for PBXNativeTarget "OVMS_Watch_RESTfull WatchKit App" */ = {
			isa = XCConfigurationList;
			buildConfigurations = (
				D01BDA04288908C3001547AD /* Debug */,
				D01BDA05288908C3001547AD /* Release */,
			);
			defaultConfigurationIsVisible = 0;
			defaultConfigurationName = Release;
		};
		D01BDA07288908C3001547AD /* Build configuration list for PBXNativeTarget "OVMS_Watch_RESTfull" */ = {
			isa = XCConfigurationList;
			buildConfigurations = (
				D01BDA08288908C3001547AD /* Debug */,
				D01BDA09288908C3001547AD /* Release */,
			);
			defaultConfigurationIsVisible = 0;
			defaultConfigurationName = Release;
		};
/* End XCConfigurationList section */
	};
	rootObject = D01BD9D7288908BF001547AD /* Project object */;
}
